
Microsoft Visual Studio Solution File, Format Version 12.00
# Visual Studio Version 16
VisualStudioVersion = 16.0.31624.102
MinimumVisualStudioVersion = 10.0.40219.1
Project("{9A19103F-16F7-4668-BE54-9A1E7A4F7556}") = "Checkers.Web", "Checkers\Checkers.Web.csproj", "{04CA9209-9991-400D-896C-5BBCFBEDCBFD}"
EndProject
Project("{9A19103F-16F7-4668-BE54-9A1E7A4F7556}") = "Checkers.BL", "Checkers.BL\Checkers.BL.csproj", "{9394D9B3-D5FB-478B-83C4-5809DF76E9F5}"
EndProject
Project("{9A19103F-16F7-4668-BE54-9A1E7A4F7556}") = "Ckeckers.DAL", "Ckeckers.DAL\Ckeckers.DAL.csproj", "{1290CD6C-49C9-4D64-839A-695428E8ABDB}"
EndProject
Project("{9A19103F-16F7-4668-BE54-9A1E7A4F7556}") = "Checkers.UnitTests", "Checkers.BLTests\Checkers.UnitTests.csproj", "{CBBC8FD6-4960-4922-B88A-8DE72D43F641}"
EndProject
Project("{9A19103F-16F7-4668-BE54-9A1E7A4F7556}") = "Checkers.IDAL", "Checkers.IDAL\Checkers.IDAL.csproj", "{BB9CD19E-5DD9-4A3B-B854-5C3596742BCB}"
EndProject
Global
	GlobalSection(SolutionConfigurationPlatforms) = preSolution
		Debug|Any CPU = Debug|Any CPU
		Release|Any CPU = Release|Any CPU
	EndGlobalSection
	GlobalSection(ProjectConfigurationPlatforms) = postSolution
		{04CA9209-9991-400D-896C-5BBCFBEDCBFD}.Debug|Any CPU.ActiveCfg = Debug|Any CPU
		{04CA9209-9991-400D-896C-5BBCFBEDCBFD}.Debug|Any CPU.Build.0 = Debug|Any CPU
		{04CA9209-9991-400D-896C-5BBCFBEDCBFD}.Release|Any CPU.ActiveCfg = Release|Any CPU
		{04CA9209-9991-400D-896C-5BBCFBEDCBFD}.Release|Any CPU.Build.0 = Release|Any CPU
		{9394D9B3-D5FB-478B-83C4-5809DF76E9F5}.Debug|Any CPU.ActiveCfg = Debug|Any CPU
		{9394D9B3-D5FB-478B-83C4-5809DF76E9F5}.Debug|Any CPU.Build.0 = Debug|Any CPU
		{9394D9B3-D5FB-478B-83C4-5809DF76E9F5}.Release|Any CPU.ActiveCfg = Release|Any CPU
		{9394D9B3-D5FB-478B-83C4-5809DF76E9F5}.Release|Any CPU.Build.0 = Release|Any CPU
		{1290CD6C-49C9-4D64-839A-695428E8ABDB}.Debug|Any CPU.ActiveCfg = Debug|Any CPU
		{1290CD6C-49C9-4D64-839A-695428E8ABDB}.Debug|Any CPU.Build.0 = Debug|Any CPU
		{1290CD6C-49C9-4D64-839A-695428E8ABDB}.Release|Any CPU.ActiveCfg = Release|Any CPU
		{1290CD6C-49C9-4D64-839A-695428E8ABDB}.Release|Any CPU.Build.0 = Release|Any CPU
		{CBBC8FD6-4960-4922-B88A-8DE72D43F641}.Debug|Any CPU.ActiveCfg = Debug|Any CPU
		{CBBC8FD6-4960-4922-B88A-8DE72D43F641}.Debug|Any CPU.Build.0 = Debug|Any CPU
		{CBBC8FD6-4960-4922-B88A-8DE72D43F641}.Release|Any CPU.ActiveCfg = Release|Any CPU
		{CBBC8FD6-4960-4922-B88A-8DE72D43F641}.Release|Any CPU.Build.0 = Release|Any CPU
		{BB9CD19E-5DD9-4A3B-B854-5C3596742BCB}.Debug|Any CPU.ActiveCfg = Debug|Any CPU
		{BB9CD19E-5DD9-4A3B-B854-5C3596742BCB}.Debug|Any CPU.Build.0 = Debug|Any CPU
		{BB9CD19E-5DD9-4A3B-B854-5C3596742BCB}.Release|Any CPU.ActiveCfg = Release|Any CPU
		{BB9CD19E-5DD9-4A3B-B854-5C3596742BCB}.Release|Any CPU.Build.0 = Release|Any CPU
	EndGlobalSection
	GlobalSection(SolutionProperties) = preSolution
		HideSolutionNode = FALSE
	EndGlobalSection
	GlobalSection(ExtensibilityGlobals) = postSolution
		SolutionGuid = {DDDFEF2B-F556-403F-BB39-51579937443B}
	EndGlobalSection
EndGlobal
