
Microsoft Visual Studio Solution File, Format Version 12.00
# Visual Studio Version 16
VisualStudioVersion = 16.0.31624.102
MinimumVisualStudioVersion = 10.0.40219.1
Project("{9A19103F-16F7-4668-BE54-9A1E7A4F7556}") = "Checkers.Core", "Checkers.BL\Checkers.Core.csproj", "{9394D9B3-D5FB-478B-83C4-5809DF76E9F5}"
EndProject
Project("{9A19103F-16F7-4668-BE54-9A1E7A4F7556}") = "Checkers.IntegrationTests", "Checkers.IntegrationTests\Checkers.IntegrationTests.csproj", "{A83E535F-E594-407B-82F1-D6A3E02473AB}"
EndProject
Project("{2150E333-8FDC-42A3-9474-1A3956D46DE8}") = "Tests", "Tests", "{0DA0C6BF-F8D7-41F8-BE7C-207C7A0DA93E}"
EndProject
Project("{2150E333-8FDC-42A3-9474-1A3956D46DE8}") = "Documents", "Documents", "{E306165A-4512-49DA-9120-AD3D77D50F69}"
	ProjectSection(SolutionItems) = preProject
		Documents\UML Diagram.docx = Documents\UML Diagram.docx
	EndProjectSection
EndProject
Project("{9A19103F-16F7-4668-BE54-9A1E7A4F7556}") = "Checkers.UnitTests", "Checkers.UnitTests\Checkers.UnitTests.csproj", "{D4D3780F-3124-4B68-8FC0-DA52D5B0758D}"
EndProject
Project("{9A19103F-16F7-4668-BE54-9A1E7A4F7556}") = "Checkers.Web", "Checkers.Web\Checkers.Web.csproj", "{857CD534-1481-44CF-9744-70C0232DA459}"
EndProject
Project("{FAE04EC0-301F-11D3-BF4B-00C04F79EFBC}") = "Checkers.Intellect", "Checkers.Intellect\Checkers.Intellect.csproj", "{1BD50D47-C003-4FFB-8D0E-A2E59C6291F7}"
EndProject
Global
	GlobalSection(SolutionConfigurationPlatforms) = preSolution
		Debug|Any CPU = Debug|Any CPU
		Release|Any CPU = Release|Any CPU
	EndGlobalSection
	GlobalSection(ProjectConfigurationPlatforms) = postSolution
		{9394D9B3-D5FB-478B-83C4-5809DF76E9F5}.Debug|Any CPU.ActiveCfg = Debug|Any CPU
		{9394D9B3-D5FB-478B-83C4-5809DF76E9F5}.Debug|Any CPU.Build.0 = Debug|Any CPU
		{9394D9B3-D5FB-478B-83C4-5809DF76E9F5}.Release|Any CPU.ActiveCfg = Release|Any CPU
		{9394D9B3-D5FB-478B-83C4-5809DF76E9F5}.Release|Any CPU.Build.0 = Release|Any CPU
		{A83E535F-E594-407B-82F1-D6A3E02473AB}.Debug|Any CPU.ActiveCfg = Debug|Any CPU
		{A83E535F-E594-407B-82F1-D6A3E02473AB}.Debug|Any CPU.Build.0 = Debug|Any CPU
		{A83E535F-E594-407B-82F1-D6A3E02473AB}.Release|Any CPU.ActiveCfg = Release|Any CPU
		{A83E535F-E594-407B-82F1-D6A3E02473AB}.Release|Any CPU.Build.0 = Release|Any CPU
		{D4D3780F-3124-4B68-8FC0-DA52D5B0758D}.Debug|Any CPU.ActiveCfg = Debug|Any CPU
		{D4D3780F-3124-4B68-8FC0-DA52D5B0758D}.Debug|Any CPU.Build.0 = Debug|Any CPU
		{D4D3780F-3124-4B68-8FC0-DA52D5B0758D}.Release|Any CPU.ActiveCfg = Release|Any CPU
		{D4D3780F-3124-4B68-8FC0-DA52D5B0758D}.Release|Any CPU.Build.0 = Release|Any CPU
		{857CD534-1481-44CF-9744-70C0232DA459}.Debug|Any CPU.ActiveCfg = Debug|Any CPU
		{857CD534-1481-44CF-9744-70C0232DA459}.Debug|Any CPU.Build.0 = Debug|Any CPU
		{857CD534-1481-44CF-9744-70C0232DA459}.Release|Any CPU.ActiveCfg = Release|Any CPU
		{857CD534-1481-44CF-9744-70C0232DA459}.Release|Any CPU.Build.0 = Release|Any CPU
		{1BD50D47-C003-4FFB-8D0E-A2E59C6291F7}.Debug|Any CPU.ActiveCfg = Debug|Any CPU
		{1BD50D47-C003-4FFB-8D0E-A2E59C6291F7}.Debug|Any CPU.Build.0 = Debug|Any CPU
		{1BD50D47-C003-4FFB-8D0E-A2E59C6291F7}.Release|Any CPU.ActiveCfg = Release|Any CPU
		{1BD50D47-C003-4FFB-8D0E-A2E59C6291F7}.Release|Any CPU.Build.0 = Release|Any CPU
	EndGlobalSection
	GlobalSection(SolutionProperties) = preSolution
		HideSolutionNode = FALSE
	EndGlobalSection
	GlobalSection(NestedProjects) = preSolution
		{A83E535F-E594-407B-82F1-D6A3E02473AB} = {0DA0C6BF-F8D7-41F8-BE7C-207C7A0DA93E}
		{D4D3780F-3124-4B68-8FC0-DA52D5B0758D} = {0DA0C6BF-F8D7-41F8-BE7C-207C7A0DA93E}
	EndGlobalSection
	GlobalSection(ExtensibilityGlobals) = postSolution
		SolutionGuid = {DDDFEF2B-F556-403F-BB39-51579937443B}
	EndGlobalSection
EndGlobal
